
Microsoft Visual Studio Solution File, Format Version 12.00
# Visual Studio 15
VisualStudioVersion = 15.0.28307.136
MinimumVisualStudioVersion = 10.0.40219.1
Project("{FAE04EC0-301F-11D3-BF4B-00C04F79EFBC}") = "BankSystemClient", "BankSystem\BankSystemClient.csproj", "{EDD7AA5E-6B19-4F9B-8FD2-35E0F4434059}"
EndProject
Project("{FAE04EC0-301F-11D3-BF4B-00C04F79EFBC}") = "BankSystemPersonnel", "BankSystemPersonnel\BankSystemPersonnel.csproj", "{19CE702C-1BE2-447D-9DC7-566D5602909D}"
EndProject
Project("{FAE04EC0-301F-11D3-BF4B-00C04F79EFBC}") = "DBBankSystemControlLibrary", "DBBankSystemControlLibrary\DBBankSystemControlLibrary.csproj", "{18ECE94B-5C3D-4E8B-8859-1F364F469B06}"
EndProject
Global
	GlobalSection(SolutionConfigurationPlatforms) = preSolution
		Debug|Any CPU = Debug|Any CPU
		Release|Any CPU = Release|Any CPU
	EndGlobalSection
	GlobalSection(ProjectConfigurationPlatforms) = postSolution
		{EDD7AA5E-6B19-4F9B-8FD2-35E0F4434059}.Debug|Any CPU.ActiveCfg = Debug|Any CPU
		{EDD7AA5E-6B19-4F9B-8FD2-35E0F4434059}.Debug|Any CPU.Build.0 = Debug|Any CPU
		{EDD7AA5E-6B19-4F9B-8FD2-35E0F4434059}.Release|Any CPU.ActiveCfg = Release|Any CPU
		{EDD7AA5E-6B19-4F9B-8FD2-35E0F4434059}.Release|Any CPU.Build.0 = Release|Any CPU
		{19CE702C-1BE2-447D-9DC7-566D5602909D}.Debug|Any CPU.ActiveCfg = Debug|Any CPU
		{19CE702C-1BE2-447D-9DC7-566D5602909D}.Debug|Any CPU.Build.0 = Debug|Any CPU
		{19CE702C-1BE2-447D-9DC7-566D5602909D}.Release|Any CPU.ActiveCfg = Release|Any CPU
		{19CE702C-1BE2-447D-9DC7-566D5602909D}.Release|Any CPU.Build.0 = Release|Any CPU
		{18ECE94B-5C3D-4E8B-8859-1F364F469B06}.Debug|Any CPU.ActiveCfg = Debug|Any CPU
		{18ECE94B-5C3D-4E8B-8859-1F364F469B06}.Debug|Any CPU.Build.0 = Debug|Any CPU
		{18ECE94B-5C3D-4E8B-8859-1F364F469B06}.Release|Any CPU.ActiveCfg = Release|Any CPU
		{18ECE94B-5C3D-4E8B-8859-1F364F469B06}.Release|Any CPU.Build.0 = Release|Any CPU
	EndGlobalSection
	GlobalSection(SolutionProperties) = preSolution
		HideSolutionNode = FALSE
	EndGlobalSection
	GlobalSection(ExtensibilityGlobals) = postSolution
		SolutionGuid = {962BF0CF-87C4-479C-BFD5-DF80399D5F84}
	EndGlobalSection
EndGlobal
